
Microsoft Visual Studio Solution File, Format Version 12.00
# Visual Studio Version 17
VisualStudioVersion = 17.14.36511.14 d17.14
MinimumVisualStudioVersion = 10.0.40219.1
Project("{FAE04EC0-301F-11D3-BF4B-00C04F79EFBC}") = "RESTPencil", "RESTPencil\RESTPencil.csproj", "{CBF6E35E-CA25-4D56-B290-36555DC87E3C}"
EndProject
Global
	GlobalSection(SolutionConfigurationPlatforms) = preSolution
		Debug|Any CPU = Debug|Any CPU
		Release|Any CPU = Release|Any CPU
	EndGlobalSection
	GlobalSection(ProjectConfigurationPlatforms) = postSolution
		{CBF6E35E-CA25-4D56-B290-36555DC87E3C}.Debug|Any CPU.ActiveCfg = Debug|Any CPU
		{CBF6E35E-CA25-4D56-B290-36555DC87E3C}.Debug|Any CPU.Build.0 = Debug|Any CPU
		{CBF6E35E-CA25-4D56-B290-36555DC87E3C}.Release|Any CPU.ActiveCfg = Release|Any CPU
		{CBF6E35E-CA25-4D56-B290-36555DC87E3C}.Release|Any CPU.Build.0 = Release|Any CPU
	EndGlobalSection
	GlobalSection(SolutionProperties) = preSolution
		HideSolutionNode = FALSE
	EndGlobalSection
	GlobalSection(ExtensibilityGlobals) = postSolution
		SolutionGuid = {5C8274AB-9E00-4841-9638-6C42B03F5B92}
	EndGlobalSection
EndGlobal
